version = 1
revision = 3
requires-python = ">=3.12"

[[package]]
name = "lxml"
version = "5.4.0"
source = { registry = "https://pypi.org/simple" }
sdist = { url = "https://files.pythonhosted.org/packages/76/3d/14e82fc7c8fb1b7761f7e748fd47e2ec8276d137b6acfe5a4bb73853e08f/lxml-5.4.0.tar.gz", hash = "sha256:d12832e1dbea4be280b22fd0ea7c9b87f0d8fc51ba06e92dc62d52f804f78ebd", size = 3679479, upload-time = "2025-04-23T01:50:29.322Z" }
wheels = [
    { url = "https://files.pythonhosted.org/packages/f8/4c/d101ace719ca6a4ec043eb516fcfcb1b396a9fccc4fcd9ef593df34ba0d5/lxml-5.4.0-cp312-cp312-macosx_10_9_universal2.whl", hash = "sha256:b5aff6f3e818e6bdbbb38e5967520f174b18f539c2b9de867b1e7fde6f8d95a4", size = 8127392, upload-time = "2025-04-23T01:46:04.09Z" },
    { url = "https://files.pythonhosted.org/packages/11/84/beddae0cec4dd9ddf46abf156f0af451c13019a0fa25d7445b655ba5ccb7/lxml-5.4.0-cp312-cp312-macosx_10_9_x86_64.whl", hash = "sha256:942a5d73f739ad7c452bf739a62a0f83e2578afd6b8e5406308731f4ce78b16d", size = 4415103, upload-time = "2025-04-23T01:46:07.227Z" },
    { url = "https://files.pythonhosted.org/packages/d0/25/d0d93a4e763f0462cccd2b8a665bf1e4343dd788c76dcfefa289d46a38a9/lxml-5.4.0-cp312-cp312-manylinux_2_12_i686.manylinux2010_i686.manylinux_2_17_i686.manylinux2014_i686.whl", hash = "sha256:460508a4b07364d6abf53acaa0a90b6d370fafde5693ef37602566613a9b0779", size = 5024224, upload-time = "2025-04-23T01:46:10.237Z" },
    { url = "https://files.pythonhosted.org/packages/31/ce/1df18fb8f7946e7f3388af378b1f34fcf253b94b9feedb2cec5969da8012/lxml-5.4.0-cp312-cp312-manylinux_2_17_aarch64.manylinux2014_aarch64.whl", hash = "sha256:529024ab3a505fed78fe3cc5ddc079464e709f6c892733e3f5842007cec8ac6e", size = 4769913, upload-time = "2025-04-23T01:46:12.757Z" },
    { url = "https://files.pythonhosted.org/packages/4e/62/f4a6c60ae7c40d43657f552f3045df05118636be1165b906d3423790447f/lxml-5.4.0-cp312-cp312-manylinux_2_17_ppc64le.manylinux2014_ppc64le.whl", hash = "sha256:7ca56ebc2c474e8f3d5761debfd9283b8b18c76c4fc0967b74aeafba1f5647f9", size = 5290441, upload-time = "2025-04-23T01:46:16.037Z" },
    { url = "https://files.pythonhosted.org/packages/9e/aa/04f00009e1e3a77838c7fc948f161b5d2d5de1136b2b81c712a263829ea4/lxml-5.4.0-cp312-cp312-manylinux_2_17_s390x.manylinux2014_s390x.whl", hash = "sha256:a81e1196f0a5b4167a8dafe3a66aa67c4addac1b22dc47947abd5d5c7a3f24b5", size = 4820165, upload-time = "2025-04-23T01:46:19.137Z" },
    { url = "https://files.pythonhosted.org/packages/c9/1f/e0b2f61fa2404bf0f1fdf1898377e5bd1b74cc9b2cf2c6ba8509b8f27990/lxml-5.4.0-cp312-cp312-manylinux_2_17_x86_64.manylinux2014_x86_64.whl", hash = "sha256:00b8686694423ddae324cf614e1b9659c2edb754de617703c3d29ff568448df5", size = 4932580, upload-time = "2025-04-23T01:46:21.963Z" },
    { url = "https://files.pythonhosted.org/packages/24/a2/8263f351b4ffe0ed3e32ea7b7830f845c795349034f912f490180d88a877/lxml-5.4.0-cp312-cp312-manylinux_2_28_aarch64.whl", hash = "sha256:c5681160758d3f6ac5b4fea370495c48aac0989d6a0f01bb9a72ad8ef5ab75c4", size = 4759493, upload-time = "2025-04-23T01:46:24.316Z" },
    { url = "https://files.pythonhosted.org/packages/05/00/41db052f279995c0e35c79d0f0fc9f8122d5b5e9630139c592a0b58c71b4/lxml-5.4.0-cp312-cp312-manylinux_2_28_ppc64le.whl", hash = "sha256:2dc191e60425ad70e75a68c9fd90ab284df64d9cd410ba8d2b641c0c45bc006e", size = 5324679, upload-time = "2025-04-23T01:46:27.097Z" },
    { url = "https://files.pythonhosted.org/packages/1d/be/ee99e6314cdef4587617d3b3b745f9356d9b7dd12a9663c5f3b5734b64ba/lxml-5.4.0-cp312-cp312-manylinux_2_28_s390x.whl", hash = "sha256:67f779374c6b9753ae0a0195a892a1c234ce8416e4448fe1e9f34746482070a7", size = 4890691, upload-time = "2025-04-23T01:46:30.009Z" },
    { url = "https://files.pythonhosted.org/packages/ad/36/239820114bf1d71f38f12208b9c58dec033cbcf80101cde006b9bde5cffd/lxml-5.4.0-cp312-cp312-manylinux_2_28_x86_64.whl", hash = "sha256:79d5bfa9c1b455336f52343130b2067164040604e41f6dc4d8313867ed540079", size = 4955075, upload-time = "2025-04-23T01:46:32.33Z" },
    { url = "https://files.pythonhosted.org/packages/d4/e1/1b795cc0b174efc9e13dbd078a9ff79a58728a033142bc6d70a1ee8fc34d/lxml-5.4.0-cp312-cp312-musllinux_1_2_aarch64.whl", hash = "sha256:3d3c30ba1c9b48c68489dc1829a6eede9873f52edca1dda900066542528d6b20", size = 4838680, upload-time = "2025-04-23T01:46:34.852Z" },
    { url = "https://files.pythonhosted.org/packages/72/48/3c198455ca108cec5ae3662ae8acd7fd99476812fd712bb17f1b39a0b589/lxml-5.4.0-cp312-cp312-musllinux_1_2_ppc64le.whl", hash = "sha256:1af80c6316ae68aded77e91cd9d80648f7dd40406cef73df841aa3c36f6907c8", size = 5391253, upload-time = "2025-04-23T01:46:37.608Z" },
    { url = "https://files.pythonhosted.org/packages/d6/10/5bf51858971c51ec96cfc13e800a9951f3fd501686f4c18d7d84fe2d6352/lxml-5.4.0-cp312-cp312-musllinux_1_2_s390x.whl", hash = "sha256:4d885698f5019abe0de3d352caf9466d5de2baded00a06ef3f1216c1a58ae78f", size = 5261651, upload-time = "2025-04-23T01:46:40.183Z" },
    { url = "https://files.pythonhosted.org/packages/2b/11/06710dd809205377da380546f91d2ac94bad9ff735a72b64ec029f706c85/lxml-5.4.0-cp312-cp312-musllinux_1_2_x86_64.whl", hash = "sha256:aea53d51859b6c64e7c51d522c03cc2c48b9b5d6172126854cc7f01aa11f52bc", size = 5024315, upload-time = "2025-04-23T01:46:43.333Z" },
    { url = "https://files.pythonhosted.org/packages/f5/b0/15b6217834b5e3a59ebf7f53125e08e318030e8cc0d7310355e6edac98ef/lxml-5.4.0-cp312-cp312-win32.whl", hash = "sha256:d90b729fd2732df28130c064aac9bb8aff14ba20baa4aee7bd0795ff1187545f", size = 3486149, upload-time = "2025-04-23T01:46:45.684Z" },
    { url = "https://files.pythonhosted.org/packages/91/1e/05ddcb57ad2f3069101611bd5f5084157d90861a2ef460bf42f45cced944/lxml-5.4.0-cp312-cp312-win_amd64.whl", hash = "sha256:1dc4ca99e89c335a7ed47d38964abcb36c5910790f9bd106f2a8fa2ee0b909d2", size = 3817095, upload-time = "2025-04-23T01:46:48.521Z" },
    { url = "https://files.pythonhosted.org/packages/87/cb/2ba1e9dd953415f58548506fa5549a7f373ae55e80c61c9041b7fd09a38a/lxml-5.4.0-cp313-cp313-macosx_10_13_universal2.whl", hash = "sha256:773e27b62920199c6197130632c18fb7ead3257fce1ffb7d286912e56ddb79e0", size = 8110086, upload-time = "2025-04-23T01:46:52.218Z" },
    { url = "https://files.pythonhosted.org/packages/b5/3e/6602a4dca3ae344e8609914d6ab22e52ce42e3e1638c10967568c5c1450d/lxml-5.4.0-cp313-cp313-macosx_10_13_x86_64.whl", hash = "sha256:ce9c671845de9699904b1e9df95acfe8dfc183f2310f163cdaa91a3535af95de", size = 4404613, upload-time = "2025-04-23T01:46:55.281Z" },
    { url = "https://files.pythonhosted.org/packages/4c/72/bf00988477d3bb452bef9436e45aeea82bb40cdfb4684b83c967c53909c7/lxml-5.4.0-cp313-cp313-manylinux_2_12_i686.manylinux2010_i686.manylinux_2_17_i686.manylinux2014_i686.whl", hash = "sha256:9454b8d8200ec99a224df8854786262b1bd6461f4280064c807303c642c05e76", size = 5012008, upload-time = "2025-04-23T01:46:57.817Z" },
    { url = "https://files.pythonhosted.org/packages/92/1f/93e42d93e9e7a44b2d3354c462cd784dbaaf350f7976b5d7c3f85d68d1b1/lxml-5.4.0-cp313-cp313-manylinux_2_17_aarch64.manylinux2014_aarch64.whl", hash = "sha256:cccd007d5c95279e529c146d095f1d39ac05139de26c098166c4beb9374b0f4d", size = 4760915, upload-time = "2025-04-23T01:47:00.745Z" },
    { url = "https://files.pythonhosted.org/packages/45/0b/363009390d0b461cf9976a499e83b68f792e4c32ecef092f3f9ef9c4ba54/lxml-5.4.0-cp313-cp313-manylinux_2_17_ppc64le.manylinux2014_ppc64le.whl", hash = "sha256:0fce1294a0497edb034cb416ad3e77ecc89b313cff7adbee5334e4dc0d11f422", size = 5283890, upload-time = "2025-04-23T01:47:04.702Z" },
    { url = "https://files.pythonhosted.org/packages/19/dc/6056c332f9378ab476c88e301e6549a0454dbee8f0ae16847414f0eccb74/lxml-5.4.0-cp313-cp313-manylinux_2_17_s390x.manylinux2014_s390x.whl", hash = "sha256:24974f774f3a78ac12b95e3a20ef0931795ff04dbb16db81a90c37f589819551", size = 4812644, upload-time = "2025-04-23T01:47:07.833Z" },
    { url = "https://files.pythonhosted.org/packages/ee/8a/f8c66bbb23ecb9048a46a5ef9b495fd23f7543df642dabeebcb2eeb66592/lxml-5.4.0-cp313-cp313-manylinux_2_17_x86_64.manylinux2014_x86_64.whl", hash = "sha256:497cab4d8254c2a90bf988f162ace2ddbfdd806fce3bda3f581b9d24c852e03c", size = 4921817, upload-time = "2025-04-23T01:47:10.317Z" },
    { url = "https://files.pythonhosted.org/packages/04/57/2e537083c3f381f83d05d9b176f0d838a9e8961f7ed8ddce3f0217179ce3/lxml-5.4.0-cp313-cp313-manylinux_2_28_aarch64.whl", hash = "sha256:e794f698ae4c5084414efea0f5cc9f4ac562ec02d66e1484ff822ef97c2cadff", size = 4753916, upload-time = "2025-04-23T01:47:12.823Z" },
    { url = "https://files.pythonhosted.org/packages/d8/80/ea8c4072109a350848f1157ce83ccd9439601274035cd045ac31f47f3417/lxml-5.4.0-cp313-cp313-manylinux_2_28_ppc64le.whl", hash = "sha256:2c62891b1ea3094bb12097822b3d44b93fc6c325f2043c4d2736a8ff09e65f60", size = 5289274, upload-time = "2025-04-23T01:47:15.916Z" },
    { url = "https://files.pythonhosted.org/packages/b3/47/c4be287c48cdc304483457878a3f22999098b9a95f455e3c4bda7ec7fc72/lxml-5.4.0-cp313-cp313-manylinux_2_28_s390x.whl", hash = "sha256:142accb3e4d1edae4b392bd165a9abdee8a3c432a2cca193df995bc3886249c8", size = 4874757, upload-time = "2025-04-23T01:47:19.793Z" },
    { url = "https://files.pythonhosted.org/packages/2f/04/6ef935dc74e729932e39478e44d8cfe6a83550552eaa072b7c05f6f22488/lxml-5.4.0-cp313-cp313-manylinux_2_28_x86_64.whl", hash = "sha256:1a42b3a19346e5601d1b8296ff6ef3d76038058f311902edd574461e9c036982", size = 4947028, upload-time = "2025-04-23T01:47:22.401Z" },
    { url = "https://files.pythonhosted.org/packages/cb/f9/c33fc8daa373ef8a7daddb53175289024512b6619bc9de36d77dca3df44b/lxml-5.4.0-cp313-cp313-musllinux_1_2_aarch64.whl", hash = "sha256:4291d3c409a17febf817259cb37bc62cb7eb398bcc95c1356947e2871911ae61", size = 4834487, upload-time = "2025-04-23T01:47:25.513Z" },
    { url = "https://files.pythonhosted.org/packages/8d/30/fc92bb595bcb878311e01b418b57d13900f84c2b94f6eca9e5073ea756e6/lxml-5.4.0-cp313-cp313-musllinux_1_2_ppc64le.whl", hash = "sha256:4f5322cf38fe0e21c2d73901abf68e6329dc02a4994e483adbcf92b568a09a54", size = 5381688, upload-time = "2025-04-23T01:47:28.454Z" },
    { url = "https://files.pythonhosted.org/packages/43/d1/3ba7bd978ce28bba8e3da2c2e9d5ae3f8f521ad3f0ca6ea4788d086ba00d/lxml-5.4.0-cp313-cp313-musllinux_1_2_s390x.whl", hash = "sha256:0be91891bdb06ebe65122aa6bf3fc94489960cf7e03033c6f83a90863b23c58b", size = 5242043, upload-time = "2025-04-23T01:47:31.208Z" },
    { url = "https://files.pythonhosted.org/packages/ee/cd/95fa2201041a610c4d08ddaf31d43b98ecc4b1d74b1e7245b1abdab443cb/lxml-5.4.0-cp313-cp313-musllinux_1_2_x86_64.whl", hash = "sha256:15a665ad90054a3d4f397bc40f73948d48e36e4c09f9bcffc7d90c87410e478a", size = 5021569, upload-time = "2025-04-23T01:47:33.805Z" },
    { url = "https://files.pythonhosted.org/packages/2d/a6/31da006fead660b9512d08d23d31e93ad3477dd47cc42e3285f143443176/lxml-5.4.0-cp313-cp313-win32.whl", hash = "sha256:d5663bc1b471c79f5c833cffbc9b87d7bf13f87e055a5c86c363ccd2348d7e82", size = 3485270, upload-time = "2025-04-23T01:47:36.133Z" },
    { url = "https://files.pythonhosted.org/packages/fc/14/c115516c62a7d2499781d2d3d7215218c0731b2c940753bf9f9b7b73924d/lxml-5.4.0-cp313-cp313-win_amd64.whl", hash = "sha256:bcb7a1096b4b6b24ce1ac24d4942ad98f983cd3810f9711bcd0293f43a9d8b9f", size = 3814606, upload-time = "2025-04-23T01:47:39.028Z" },
]

[[package]]
name = "numpy"
version = "2.2.6"
source = { registry = "https://pypi.org/simple" }
sdist = { url = "https://files.pythonhosted.org/packages/76/21/7d2a95e4bba9dc13d043ee156a356c0a8f0c6309dff6b21b4d71a073b8a8/numpy-2.2.6.tar.gz", hash = "sha256:e29554e2bef54a90aa5cc07da6ce955accb83f21ab5de01a62c8478897b264fd", size = 20276440, upload-time = "2025-05-17T22:38:04.611Z" }
wheels = [
    { url = "https://files.pythonhosted.org/packages/82/5d/c00588b6cf18e1da539b45d3598d3557084990dcc4331960c15ee776ee41/numpy-2.2.6-cp312-cp312-macosx_10_13_x86_64.whl", hash = "sha256:41c5a21f4a04fa86436124d388f6ed60a9343a6f767fced1a8a71c3fbca038ff", size = 20875348, upload-time = "2025-05-17T21:34:39.648Z" },
    { url = "https://files.pythonhosted.org/packages/66/ee/560deadcdde6c2f90200450d5938f63a34b37e27ebff162810f716f6a230/numpy-2.2.6-cp312-cp312-macosx_11_0_arm64.whl", hash = "sha256:de749064336d37e340f640b05f24e9e3dd678c57318c7289d222a8a2f543e90c", size = 14119362, upload-time = "2025-05-17T21:35:01.241Z" },
    { url = "https://files.pythonhosted.org/packages/3c/65/4baa99f1c53b30adf0acd9a5519078871ddde8d2339dc5a7fde80d9d87da/numpy-2.2.6-cp312-cp312-macosx_14_0_arm64.whl", hash = "sha256:894b3a42502226a1cac872f840030665f33326fc3dac8e57c607905773cdcde3", size = 5084103, upload-time = "2025-05-17T21:35:10.622Z" },
    { url = "https://files.pythonhosted.org/packages/cc/89/e5a34c071a0570cc40c9a54eb472d113eea6d002e9ae12bb3a8407fb912e/numpy-2.2.6-cp312-cp312-macosx_14_0_x86_64.whl", hash = "sha256:71594f7c51a18e728451bb50cc60a3ce4e6538822731b2933209a1f3614e9282", size = 6625382, upload-time = "2025-05-17T21:35:21.414Z" },
    { url = "https://files.pythonhosted.org/packages/f8/35/8c80729f1ff76b3921d5c9487c7ac3de9b2a103b1cd05e905b3090513510/numpy-2.2.6-cp312-cp312-manylinux_2_17_aarch64.manylinux2014_aarch64.whl", hash = "sha256:f2618db89be1b4e05f7a1a847a9c1c0abd63e63a1607d892dd54668dd92faf87", size = 14018462, upload-time = "2025-05-17T21:35:42.174Z" },
    { url = "https://files.pythonhosted.org/packages/8c/3d/1e1db36cfd41f895d266b103df00ca5b3cbe965184df824dec5c08c6b803/numpy-2.2.6-cp312-cp312-manylinux_2_17_x86_64.manylinux2014_x86_64.whl", hash = "sha256:fd83c01228a688733f1ded5201c678f0c53ecc1006ffbc404db9f7a899ac6249", size = 16527618, upload-time = "2025-05-17T21:36:06.711Z" },
    { url = "https://files.pythonhosted.org/packages/61/c6/03ed30992602c85aa3cd95b9070a514f8b3c33e31124694438d88809ae36/numpy-2.2.6-cp312-cp312-musllinux_1_2_aarch64.whl", hash = "sha256:37c0ca431f82cd5fa716eca9506aefcabc247fb27ba69c5062a6d3ade8cf8f49", size = 15505511, upload-time = "2025-05-17T21:36:29.965Z" },
    { url = "https://files.pythonhosted.org/packages/b7/25/5761d832a81df431e260719ec45de696414266613c9ee268394dd5ad8236/numpy-2.2.6-cp312-cp312-musllinux_1_2_x86_64.whl", hash = "sha256:fe27749d33bb772c80dcd84ae7e8df2adc920ae8297400dabec45f0dedb3f6de", size = 18313783, upload-time = "2025-05-17T21:36:56.883Z" },
    { url = "https://files.pythonhosted.org/packages/57/0a/72d5a3527c5ebffcd47bde9162c39fae1f90138c961e5296491ce778e682/numpy-2.2.6-cp312-cp312-win32.whl", hash = "sha256:4eeaae00d789f66c7a25ac5f34b71a7035bb474e679f410e5e1a94deb24cf2d4", size = 6246506, upload-time = "2025-05-17T21:37:07.368Z" },
    { url = "https://files.pythonhosted.org/packages/36/fa/8c9210162ca1b88529ab76b41ba02d433fd54fecaf6feb70ef9f124683f1/numpy-2.2.6-cp312-cp312-win_amd64.whl", hash = "sha256:c1f9540be57940698ed329904db803cf7a402f3fc200bfe599334c9bd84a40b2", size = 12614190, upload-time = "2025-05-17T21:37:26.213Z" },
    { url = "https://files.pythonhosted.org/packages/f9/5c/6657823f4f594f72b5471f1db1ab12e26e890bb2e41897522d134d2a3e81/numpy-2.2.6-cp313-cp313-macosx_10_13_x86_64.whl", hash = "sha256:0811bb762109d9708cca4d0b13c4f67146e3c3b7cf8d34018c722adb2d957c84", size = 20867828, upload-time = "2025-05-17T21:37:56.699Z" },
    { url = "https://files.pythonhosted.org/packages/dc/9e/14520dc3dadf3c803473bd07e9b2bd1b69bc583cb2497b47000fed2fa92f/numpy-2.2.6-cp313-cp313-macosx_11_0_arm64.whl", hash = "sha256:287cc3162b6f01463ccd86be154f284d0893d2b3ed7292439ea97eafa8170e0b", size = 14143006, upload-time = "2025-05-17T21:38:18.291Z" },
    { url = "https://files.pythonhosted.org/packages/4f/06/7e96c57d90bebdce9918412087fc22ca9851cceaf5567a45c1f404480e9e/numpy-2.2.6-cp313-cp313-macosx_14_0_arm64.whl", hash = "sha256:f1372f041402e37e5e633e586f62aa53de2eac8d98cbfb822806ce4bbefcb74d", size = 5076765, upload-time = "2025-05-17T21:38:27.319Z" },
    { url = "https://files.pythonhosted.org/packages/73/ed/63d920c23b4289fdac96ddbdd6132e9427790977d5457cd132f18e76eae0/numpy-2.2.6-cp313-cp313-macosx_14_0_x86_64.whl", hash = "sha256:55a4d33fa519660d69614a9fad433be87e5252f4b03850642f88993f7b2ca566", size = 6617736, upload-time = "2025-05-17T21:38:38.141Z" },
    { url = "https://files.pythonhosted.org/packages/85/c5/e19c8f99d83fd377ec8c7e0cf627a8049746da54afc24ef0a0cb73d5dfb5/numpy-2.2.6-cp313-cp313-manylinux_2_17_aarch64.manylinux2014_aarch64.whl", hash = "sha256:f92729c95468a2f4f15e9bb94c432a9229d0d50de67304399627a943201baa2f", size = 14010719, upload-time = "2025-05-17T21:38:58.433Z" },
    { url = "https://files.pythonhosted.org/packages/19/49/4df9123aafa7b539317bf6d342cb6d227e49f7a35b99c287a6109b13dd93/numpy-2.2.6-cp313-cp313-manylinux_2_17_x86_64.manylinux2014_x86_64.whl", hash = "sha256:1bc23a79bfabc5d056d106f9befb8d50c31ced2fbc70eedb8155aec74a45798f", size = 16526072, upload-time = "2025-05-17T21:39:22.638Z" },
    { url = "https://files.pythonhosted.org/packages/b2/6c/04b5f47f4f32f7c2b0e7260442a8cbcf8168b0e1a41ff1495da42f42a14f/numpy-2.2.6-cp313-cp313-musllinux_1_2_aarch64.whl", hash = "sha256:e3143e4451880bed956e706a3220b4e5cf6172ef05fcc397f6f36a550b1dd868", size = 15503213, upload-time = "2025-05-17T21:39:45.865Z" },
    { url = "https://files.pythonhosted.org/packages/17/0a/5cd92e352c1307640d5b6fec1b2ffb06cd0dabe7d7b8227f97933d378422/numpy-2.2.6-cp313-cp313-musllinux_1_2_x86_64.whl", hash = "sha256:b4f13750ce79751586ae2eb824ba7e1e8dba64784086c98cdbbcc6a42112ce0d", size = 18316632, upload-time = "2025-05-17T21:40:13.331Z" },
    { url = "https://files.pythonhosted.org/packages/f0/3b/5cba2b1d88760ef86596ad0f3d484b1cbff7c115ae2429678465057c5155/numpy-2.2.6-cp313-cp313-win32.whl", hash = "sha256:5beb72339d9d4fa36522fc63802f469b13cdbe4fdab4a288f0c441b74272ebfd", size = 6244532, upload-time = "2025-05-17T21:43:46.099Z" },
    { url = "https://files.pythonhosted.org/packages/cb/3b/d58c12eafcb298d4e6d0d40216866ab15f59e55d148a5658bb3132311fcf/numpy-2.2.6-cp313-cp313-win_amd64.whl", hash = "sha256:b0544343a702fa80c95ad5d3d608ea3599dd54d4632df855e4c8d24eb6ecfa1c", size = 12610885, upload-time = "2025-05-17T21:44:05.145Z" },
    { url = "https://files.pythonhosted.org/packages/6b/9e/4bf918b818e516322db999ac25d00c75788ddfd2d2ade4fa66f1f38097e1/numpy-2.2.6-cp313-cp313t-macosx_10_13_x86_64.whl", hash = "sha256:0bca768cd85ae743b2affdc762d617eddf3bcf8724435498a1e80132d04879e6", size = 20963467, upload-time = "2025-05-17T21:40:44Z" },
    { url = "https://files.pythonhosted.org/packages/61/66/d2de6b291507517ff2e438e13ff7b1e2cdbdb7cb40b3ed475377aece69f9/numpy-2.2.6-cp313-cp313t-macosx_11_0_arm64.whl", hash = "sha256:fc0c5673685c508a142ca65209b4e79ed6740a4ed6b2267dbba90f34b0b3cfda", size = 14225144, upload-time = "2025-05-17T21:41:05.695Z" },
    { url = "https://files.pythonhosted.org/packages/e4/25/480387655407ead912e28ba3a820bc69af9adf13bcbe40b299d454ec011f/numpy-2.2.6-cp313-cp313t-macosx_14_0_arm64.whl", hash = "sha256:5bd4fc3ac8926b3819797a7c0e2631eb889b4118a9898c84f585a54d475b7e40", size = 5200217, upload-time = "2025-05-17T21:41:15.903Z" },
    { url = "https://files.pythonhosted.org/packages/aa/4a/6e313b5108f53dcbf3aca0c0f3e9c92f4c10ce57a0a721851f9785872895/numpy-2.2.6-cp313-cp313t-macosx_14_0_x86_64.whl", hash = "sha256:fee4236c876c4e8369388054d02d0e9bb84821feb1a64dd59e137e6511a551f8", size = 6712014, upload-time = "2025-05-17T21:41:27.321Z" },
    { url = "https://files.pythonhosted.org/packages/b7/30/172c2d5c4be71fdf476e9de553443cf8e25feddbe185e0bd88b096915bcc/numpy-2.2.6-cp313-cp313t-manylinux_2_17_aarch64.manylinux2014_aarch64.whl", hash = "sha256:e1dda9c7e08dc141e0247a5b8f49cf05984955246a327d4c48bda16821947b2f", size = 14077935, upload-time = "2025-05-17T21:41:49.738Z" },
    { url = "https://files.pythonhosted.org/packages/12/fb/9e743f8d4e4d3c710902cf87af3512082ae3d43b945d5d16563f26ec251d/numpy-2.2.6-cp313-cp313t-manylinux_2_17_x86_64.manylinux2014_x86_64.whl", hash = "sha256:f447e6acb680fd307f40d3da4852208af94afdfab89cf850986c3ca00562f4fa", size = 16600122, upload-time = "2025-05-17T21:42:14.046Z" },
    { url = "https://files.pythonhosted.org/packages/12/75/ee20da0e58d3a66f204f38916757e01e33a9737d0b22373b3eb5a27358f9/numpy-2.2.6-cp313-cp313t-musllinux_1_2_aarch64.whl", hash = "sha256:389d771b1623ec92636b0786bc4ae56abafad4a4c513d36a55dce14bd9ce8571", size = 15586143, upload-time = "2025-05-17T21:42:37.464Z" },
    { url = "https://files.pythonhosted.org/packages/76/95/bef5b37f29fc5e739947e9ce5179ad402875633308504a52d188302319c8/numpy-2.2.6-cp313-cp313t-musllinux_1_2_x86_64.whl", hash = "sha256:8e9ace4a37db23421249ed236fdcdd457d671e25146786dfc96835cd951aa7c1", size = 18385260, upload-time = "2025-05-17T21:43:05.189Z" },
    { url = "https://files.pythonhosted.org/packages/09/04/f2f83279d287407cf36a7a8053a5abe7be3622a4363337338f2585e4afda/numpy-2.2.6-cp313-cp313t-win32.whl", hash = "sha256:038613e9fb8c72b0a41f025a7e4c3f0b7a1b5d768ece4796b674c8f3fe13efff", size = 6377225, upload-time = "2025-05-17T21:43:16.254Z" },
    { url = "https://files.pythonhosted.org/packages/67/0e/35082d13c09c02c011cf21570543d202ad929d961c02a147493cb0c2bdf5/numpy-2.2.6-cp313-cp313t-win_amd64.whl", hash = "sha256:6031dd6dfecc0cf9f668681a37648373bddd6421fff6c66ec1624eed0180ee06", size = 12771374, upload-time = "2025-05-17T21:43:35.479Z" },
]

[[package]]
name = "paho-mqtt"
version = "2.1.0"
source = { registry = "https://pypi.org/simple" }
sdist = { url = "https://files.pythonhosted.org/packages/39/15/0a6214e76d4d32e7f663b109cf71fb22561c2be0f701d67f93950cd40542/paho_mqtt-2.1.0.tar.gz", hash = "sha256:12d6e7511d4137555a3f6ea167ae846af2c7357b10bc6fa4f7c3968fc1723834", size = 148848, upload-time = "2024-04-29T19:52:55.591Z" }
wheels = [
    { url = "https://files.pythonhosted.org/packages/c4/cb/00451c3cf31790287768bb12c6bec834f5d292eaf3022afc88e14b8afc94/paho_mqtt-2.1.0-py3-none-any.whl", hash = "sha256:6db9ba9b34ed5bc6b6e3812718c7e06e2fd7444540df2455d2c51bd58808feee", size = 67219, upload-time = "2024-04-29T19:52:48.345Z" },
]

[[package]]
name = "pillow"
version = "11.2.1"
source = { registry = "https://pypi.org/simple" }
sdist = { url = "https://files.pythonhosted.org/packages/af/cb/bb5c01fcd2a69335b86c22142b2bccfc3464087efb7fd382eee5ffc7fdf7/pillow-11.2.1.tar.gz", hash = "sha256:a64dd61998416367b7ef979b73d3a85853ba9bec4c2925f74e588879a58716b6", size = 47026707, upload-time = "2025-04-12T17:50:03.289Z" }
wheels = [
    { url = "https://files.pythonhosted.org/packages/96/ae/ca0099a3995976a9fce2f423166f7bff9b12244afdc7520f6ed38911539a/pillow-11.2.1-cp312-cp312-win32.whl", hash = "sha256:1d535df14716e7f8776b9e7fee118576d65572b4aad3ed639be9e4fa88a1cad3", size = 2332309, upload-time = "2025-04-12T17:48:17.885Z" },
    { url = "https://files.pythonhosted.org/packages/7c/18/24bff2ad716257fc03da964c5e8f05d9790a779a8895d6566e493ccf0189/pillow-11.2.1-cp312-cp312-win_amd64.whl", hash = "sha256:14e33b28bf17c7a38eede290f77db7c664e4eb01f7869e37fa98a5aa95978941", size = 2676768, upload-time = "2025-04-12T17:48:19.655Z" },
    { url = "https://files.pythonhosted.org/packages/da/bb/e8d656c9543276517ee40184aaa39dcb41e683bca121022f9323ae11b39d/pillow-11.2.1-cp312-cp312-win_arm64.whl", hash = "sha256:21e1470ac9e5739ff880c211fc3af01e3ae505859392bf65458c224d0bf283eb", size = 2415087, upload-time = "2025-04-12T17:48:21.991Z" },
    { url = "https://files.pythonhosted.org/packages/94/86/8f2e9d2dc3d308dfd137a07fe1cc478df0a23d42a6c4093b087e738e4827/pillow-11.2.1-cp313-cp313-win32.whl", hash = "sha256:3fe735ced9a607fee4f481423a9c36701a39719252a9bb251679635f99d0f7d2", size = 2332329, upload-time = "2025-04-12T17:48:41.765Z" },
    { url = "https://files.pythonhosted.org/packages/6d/ec/1179083b8d6067a613e4d595359b5fdea65d0a3b7ad623fee906e1b3c4d2/pillow-11.2.1-cp313-cp313-win_amd64.whl", hash = "sha256:74ee3d7ecb3f3c05459ba95eed5efa28d6092d751ce9bf20e3e253a4e497e691", size = 2676388, upload-time = "2025-04-12T17:48:43.625Z" },
    { url = "https://files.pythonhosted.org/packages/23/f1/2fc1e1e294de897df39fa8622d829b8828ddad938b0eaea256d65b84dd72/pillow-11.2.1-cp313-cp313-win_arm64.whl", hash = "sha256:5119225c622403afb4b44bad4c1ca6c1f98eed79db8d3bc6e4e160fc6339d66c", size = 2414950, upload-time = "2025-04-12T17:48:45.475Z" },
    { url = "https://files.pythonhosted.org/packages/b3/92/1ca0c3f09233bd7decf8f7105a1c4e3162fb9142128c74adad0fb361b7eb/pillow-11.2.1-cp313-cp313t-win32.whl", hash = "sha256:e0b55f27f584ed623221cfe995c912c61606be8513bfa0e07d2c674b4516d9dd", size = 2335774, upload-time = "2025-04-12T17:49:04.889Z" },
    { url = "https://files.pythonhosted.org/packages/a5/ac/77525347cb43b83ae905ffe257bbe2cc6fd23acb9796639a1f56aa59d191/pillow-11.2.1-cp313-cp313t-win_amd64.whl", hash = "sha256:36d6b82164c39ce5482f649b437382c0fb2395eabc1e2b1702a6deb8ad647d6e", size = 2681895, upload-time = "2025-04-12T17:49:06.635Z" },
    { url = "https://files.pythonhosted.org/packages/67/32/32dc030cfa91ca0fc52baebbba2e009bb001122a1daa8b6a79ad830b38d3/pillow-11.2.1-cp313-cp313t-win_arm64.whl", hash = "sha256:225c832a13326e34f212d2072982bb1adb210e0cc0b153e688743018c94a2681", size = 2417234, upload-time = "2025-04-12T17:49:08.399Z" },
]

[[package]]
name = "platformdirs"
version = "4.3.8"
source = { registry = "https://pypi.org/simple" }
sdist = { url = "https://files.pythonhosted.org/packages/fe/8b/3c73abc9c759ecd3f1f7ceff6685840859e8070c4d947c93fae71f6a0bf2/platformdirs-4.3.8.tar.gz", hash = "sha256:3d512d96e16bcb959a814c9f348431070822a6496326a4be0911c40b5a74c2bc", size = 21362, upload-time = "2025-05-07T22:47:42.121Z" }
wheels = [
    { url = "https://files.pythonhosted.org/packages/fe/39/979e8e21520d4e47a0bbe349e2713c0aac6f3d853d0e5b34d76206c439aa/platformdirs-4.3.8-py3-none-any.whl", hash = "sha256:ff7059bb7eb1179e2685604f4aaf157cfd9535242bd23742eadc3c13542139b4", size = 18567, upload-time = "2025-05-07T22:47:40.376Z" },
]

[[package]]
name = "printrun"
source = { directory = "lib/Printrun" }
dependencies = [
    { name = "lxml" },
    { name = "numpy" },
    { name = "pillow", marker = "sys_platform == 'win32'" },
    { name = "platformdirs" },
    { name = "psutil" },
    { name = "puremagic" },
    { name = "pyglet" },
    { name = "pyobjc-framework-cocoa", marker = "sys_platform == 'darwin'" },
    { name = "pyreadline3", marker = "sys_platform == 'win32'" },
    { name = "pyserial" },
]

[package.metadata]
requires-dist = [
    { name = "lxml", specifier = ">=2.9.1" },
    { name = "numpy", specifier = ">=1.8.2" },
    { name = "pillow", marker = "sys_platform == 'win32'" },
    { name = "platformdirs" },
    { name = "psutil", specifier = ">=2.1" },
    { name = "puremagic" },
    { name = "pyglet", specifier = ">=1.1,<2.0" },
    { name = "pyobjc-framework-cocoa", marker = "sys_platform == 'darwin'" },
    { name = "pyreadline3", marker = "sys_platform == 'win32'" },
    { name = "pyserial", specifier = ">=3.0" },
]

[[package]]
name = "prusa-status"
version = "0.1.0"
source = { virtual = "." }
dependencies = [
    { name = "paho-mqtt" },
    { name = "printrun" },
    { name = "regex" },
]

[package.metadata]
requires-dist = [
    { name = "paho-mqtt", specifier = ">=2.1.0" },
    { name = "printrun", directory = "lib/Printrun" },
    { name = "regex", specifier = ">=2024.11.6" },
]

[[package]]
name = "psutil"
version = "7.0.0"
source = { registry = "https://pypi.org/simple" }
sdist = { url = "https://files.pythonhosted.org/packages/2a/80/336820c1ad9286a4ded7e845b2eccfcb27851ab8ac6abece774a6ff4d3de/psutil-7.0.0.tar.gz", hash = "sha256:7be9c3eba38beccb6495ea33afd982a44074b78f28c434a1f51cc07fd315c456", size = 497003, upload-time = "2025-02-13T21:54:07.946Z" }
wheels = [
    { url = "https://files.pythonhosted.org/packages/ed/e6/2d26234410f8b8abdbf891c9da62bee396583f713fb9f3325a4760875d22/psutil-7.0.0-cp36-abi3-macosx_10_9_x86_64.whl", hash = "sha256:101d71dc322e3cffd7cea0650b09b3d08b8e7c4109dd6809fe452dfd00e58b25", size = 238051, upload-time = "2025-02-13T21:54:12.36Z" },
    { url = "https://files.pythonhosted.org/packages/04/8b/30f930733afe425e3cbfc0e1468a30a18942350c1a8816acfade80c005c4/psutil-7.0.0-cp36-abi3-macosx_11_0_arm64.whl", hash = "sha256:39db632f6bb862eeccf56660871433e111b6ea58f2caea825571951d4b6aa3da", size = 239535, upload-time = "2025-02-13T21:54:16.07Z" },
    { url = "https://files.pythonhosted.org/packages/2a/ed/d362e84620dd22876b55389248e522338ed1bf134a5edd3b8231d7207f6d/psutil-7.0.0-cp36-abi3-manylinux_2_12_i686.manylinux2010_i686.manylinux_2_17_i686.manylinux2014_i686.whl", hash = "sha256:1fcee592b4c6f146991ca55919ea3d1f8926497a713ed7faaf8225e174581e91", size = 275004, upload-time = "2025-02-13T21:54:18.662Z" },
    { url = "https://files.pythonhosted.org/packages/bf/b9/b0eb3f3cbcb734d930fdf839431606844a825b23eaf9a6ab371edac8162c/psutil-7.0.0-cp36-abi3-manylinux_2_12_x86_64.manylinux2010_x86_64.manylinux_2_17_x86_64.manylinux2014_x86_64.whl", hash = "sha256:4b1388a4f6875d7e2aff5c4ca1cc16c545ed41dd8bb596cefea80111db353a34", size = 277986, upload-time = "2025-02-13T21:54:21.811Z" },
    { url = "https://files.pythonhosted.org/packages/eb/a2/709e0fe2f093556c17fbafda93ac032257242cabcc7ff3369e2cb76a97aa/psutil-7.0.0-cp36-abi3-manylinux_2_17_aarch64.manylinux2014_aarch64.whl", hash = "sha256:a5f098451abc2828f7dc6b58d44b532b22f2088f4999a937557b603ce72b1993", size = 279544, upload-time = "2025-02-13T21:54:24.68Z" },
    { url = "https://files.pythonhosted.org/packages/50/e6/eecf58810b9d12e6427369784efe814a1eec0f492084ce8eb8f4d89d6d61/psutil-7.0.0-cp37-abi3-win32.whl", hash = "sha256:ba3fcef7523064a6c9da440fc4d6bd07da93ac726b5733c29027d7dc95b39d99", size = 241053, upload-time = "2025-02-13T21:54:34.31Z" },
    { url = "https://files.pythonhosted.org/packages/50/1b/6921afe68c74868b4c9fa424dad3be35b095e16687989ebbb50ce4fceb7c/psutil-7.0.0-cp37-abi3-win_amd64.whl", hash = "sha256:4cf3d4eb1aa9b348dec30105c55cd9b7d4629285735a102beb4441e38db90553", size = 244885, upload-time = "2025-02-13T21:54:37.486Z" },
]

[[package]]
name = "puremagic"
version = "1.29"
source = { registry = "https://pypi.org/simple" }
sdist = { url = "https://files.pythonhosted.org/packages/d6/de/c9dbb741a2e0e657147c6125699e4a2a3b9003840fed62528e17c87c0989/puremagic-1.29.tar.gz", hash = "sha256:67c115db3f63d43b13433860917b11e2b767e5eaec696a491be2fb544f224f7a", size = 314734, upload-time = "2025-05-02T03:16:17.891Z" }
wheels = [
    { url = "https://files.pythonhosted.org/packages/50/e3/6d0ad0dc83cf0871198a68d527c61e443c10509a93db1e1666be9d1bf9c6/puremagic-1.29-py3-none-any.whl", hash = "sha256:2c3cfcde77f0b1560f1898f627bd388421d2bd64ec94d8d25f400f7742a4f109", size = 43279, upload-time = "2025-05-02T03:16:16.407Z" },
]

[[package]]
name = "pyglet"
version = "1.5.31"
source = { registry = "https://pypi.org/simple" }
sdist = { url = "https://files.pythonhosted.org/packages/f7/c0/59130a7edbcc8f84e35870b00a712538ca05415ff02d17181277b8ef8f05/pyglet-1.5.31.zip", hash = "sha256:a5e422b4c27b0fc99e92103bf493109cca5c18143583b868b3b4631a98ae9417", size = 6900712, upload-time = "2024-12-24T07:10:58.022Z" }
wheels = [
    { url = "https://files.pythonhosted.org/packages/e2/43/46aa0ab49f2f5145d201780c7595cf0c305fb4fb5d00d6639792a3d0e770/pyglet-1.5.31-py3-none-any.whl", hash = "sha256:f68413564bbec380e4815898fef0fb7a4a494dc3f8718bfbf28ce2a802634c88", size = 1143660, upload-time = "2024-12-24T07:10:50.769Z" },
]

[[package]]
name = "pyobjc-core"
version = "11.0"
source = { registry = "https://pypi.org/simple" }
sdist = { url = "https://files.pythonhosted.org/packages/5c/94/a111239b98260869780a5767e5d74bfd3a8c13a40457f479c28dcd91f89d/pyobjc_core-11.0.tar.gz", hash = "sha256:63bced211cb8a8fb5c8ff46473603da30e51112861bd02c438fbbbc8578d9a70", size = 994931, upload-time = "2025-01-14T19:02:13.938Z" }
wheels = [
    { url = "https://files.pythonhosted.org/packages/56/ce/bf3ff9a9347721a398c3dfb83e29b43fb166b7ef590f3f7b7ddcd283df39/pyobjc_core-11.0-cp312-cp312-macosx_10_13_universal2.whl", hash = "sha256:a03061d4955c62ddd7754224a80cdadfdf17b6b5f60df1d9169a3b1b02923f0b", size = 739750, upload-time = "2025-01-14T18:46:53.039Z" },
    { url = "https://files.pythonhosted.org/packages/72/16/0c468e73dbecb821e3da8819236fe832dfc53eb5f66a11775b055a7589ea/pyobjc_core-11.0-cp313-cp313-macosx_10_13_universal2.whl", hash = "sha256:c338c1deb7ab2e9436d4175d1127da2eeed4a1b564b3d83b9f3ae4844ba97e86", size = 743900, upload-time = "2025-01-14T18:46:54.654Z" },
    { url = "https://files.pythonhosted.org/packages/f3/88/cecec88fd51f62a6cd7775cc4fb6bfde16652f97df88d28c84fb77ca0c18/pyobjc_core-11.0-cp313-cp313t-macosx_10_13_universal2.whl", hash = "sha256:b4e9dc4296110f251a4033ff3f40320b35873ea7f876bd29a1c9705bb5e08c59", size = 791905, upload-time = "2025-01-14T18:46:56.473Z" },
]

[[package]]
name = "pyobjc-framework-cocoa"
version = "11.0"
source = { registry = "https://pypi.org/simple" }
dependencies = [
    { name = "pyobjc-core" },
]
sdist = { url = "https://files.pythonhosted.org/packages/c5/32/53809096ad5fc3e7a2c5ddea642590a5f2cb5b81d0ad6ea67fdb2263d9f9/pyobjc_framework_cocoa-11.0.tar.gz", hash = "sha256:00346a8cb81ad7b017b32ff7bf596000f9faa905807b1bd234644ebd47f692c5", size = 6173848, upload-time = "2025-01-14T19:03:00.125Z" }
wheels = [
    { url = "https://files.pythonhosted.org/packages/5b/8d/0e2558447c26b3ba64f7c9776a5a6c9d2ae8abf9d34308b174ae0934402e/pyobjc_framework_Cocoa-11.0-cp312-cp312-macosx_10_13_universal2.whl", hash = "sha256:280a577b83c68175a28b2b7138d1d2d3111f2b2b66c30e86f81a19c2b02eae71", size = 385811, upload-time = "2025-01-14T18:49:29.259Z" },
    { url = "https://files.pythonhosted.org/packages/1d/a5/609281a7e89efefbef9db1d8fe66bc0458c3b4e74e2227c644f9c18926fa/pyobjc_framework_Cocoa-11.0-cp313-cp313-macosx_10_13_universal2.whl", hash = "sha256:15b2bd977ed340074f930f1330f03d42912d5882b697d78bd06f8ebe263ef92e", size = 385889, upload-time = "2025-01-14T18:49:30.605Z" },
    { url = "https://files.pythonhosted.org/packages/93/f6/2d5a863673ef7b85a3cba875c43e6c495fb1307427a6801001ae94bb5e54/pyobjc_framework_Cocoa-11.0-cp313-cp313t-macosx_10_13_universal2.whl", hash = "sha256:5750001db544e67f2b66f02067d8f0da96bb2ef71732bde104f01b8628f9d7ea", size = 389831, upload-time = "2025-01-14T18:49:31.963Z" },
]

[[package]]
name = "pyreadline3"
version = "3.5.4"
source = { registry = "https://pypi.org/simple" }
sdist = { url = "https://files.pythonhosted.org/packages/0f/49/4cea918a08f02817aabae639e3d0ac046fef9f9180518a3ad394e22da148/pyreadline3-3.5.4.tar.gz", hash = "sha256:8d57d53039a1c75adba8e50dd3d992b28143480816187ea5efbd5c78e6c885b7", size = 99839, upload-time = "2024-09-19T02:40:10.062Z" }
wheels = [
    { url = "https://files.pythonhosted.org/packages/5a/dc/491b7661614ab97483abf2056be1deee4dc2490ecbf7bff9ab5cdbac86e1/pyreadline3-3.5.4-py3-none-any.whl", hash = "sha256:eaf8e6cc3c49bcccf145fc6067ba8643d1df34d604a1ec0eccbf7a18e6d3fae6", size = 83178, upload-time = "2024-09-19T02:40:08.598Z" },
]

[[package]]
name = "pyserial"
version = "3.5"
source = { registry = "https://pypi.org/simple" }
sdist = { url = "https://files.pythonhosted.org/packages/1e/7d/ae3f0a63f41e4d2f6cb66a5b57197850f919f59e558159a4dd3a818f5082/pyserial-3.5.tar.gz", hash = "sha256:3c77e014170dfffbd816e6ffc205e9842efb10be9f58ec16d3e8675b4925cddb", size = 159125, upload-time = "2020-11-23T03:59:15.045Z" }
wheels = [
    { url = "https://files.pythonhosted.org/packages/07/bc/587a445451b253b285629263eb51c2d8e9bcea4fc97826266d186f96f558/pyserial-3.5-py2.py3-none-any.whl", hash = "sha256:c4451db6ba391ca6ca299fb3ec7bae67a5c55dde170964c7a14ceefec02f2cf0", size = 90585, upload-time = "2020-11-23T03:59:13.41Z" },
]

[[package]]
name = "regex"
version = "2024.11.6"
source = { registry = "https://pypi.org/simple" }
sdist = { url = "https://files.pythonhosted.org/packages/8e/5f/bd69653fbfb76cf8604468d3b4ec4c403197144c7bfe0e6a5fc9e02a07cb/regex-2024.11.6.tar.gz", hash = "sha256:7ab159b063c52a0333c884e4679f8d7a85112ee3078fe3d9004b2dd875585519", size = 399494, upload-time = "2024-11-06T20:12:31.635Z" }
wheels = [
    { url = "https://files.pythonhosted.org/packages/ba/30/9a87ce8336b172cc232a0db89a3af97929d06c11ceaa19d97d84fa90a8f8/regex-2024.11.6-cp312-cp312-macosx_10_13_universal2.whl", hash = "sha256:52fb28f528778f184f870b7cf8f225f5eef0a8f6e3778529bdd40c7b3920796a", size = 483781, upload-time = "2024-11-06T20:10:07.07Z" },
    { url = "https://files.pythonhosted.org/packages/01/e8/00008ad4ff4be8b1844786ba6636035f7ef926db5686e4c0f98093612add/regex-2024.11.6-cp312-cp312-macosx_10_13_x86_64.whl", hash = "sha256:fdd6028445d2460f33136c55eeb1f601ab06d74cb3347132e1c24250187500d9", size = 288455, upload-time = "2024-11-06T20:10:09.117Z" },
    { url = "https://files.pythonhosted.org/packages/60/85/cebcc0aff603ea0a201667b203f13ba75d9fc8668fab917ac5b2de3967bc/regex-2024.11.6-cp312-cp312-macosx_11_0_arm64.whl", hash = "sha256:805e6b60c54bf766b251e94526ebad60b7de0c70f70a4e6210ee2891acb70bf2", size = 284759, upload-time = "2024-11-06T20:10:11.155Z" },
    { url = "https://files.pythonhosted.org/packages/94/2b/701a4b0585cb05472a4da28ee28fdfe155f3638f5e1ec92306d924e5faf0/regex-2024.11.6-cp312-cp312-manylinux_2_17_aarch64.manylinux2014_aarch64.whl", hash = "sha256:b85c2530be953a890eaffde05485238f07029600e8f098cdf1848d414a8b45e4", size = 794976, upload-time = "2024-11-06T20:10:13.24Z" },
    { url = "https://files.pythonhosted.org/packages/4b/bf/fa87e563bf5fee75db8915f7352e1887b1249126a1be4813837f5dbec965/regex-2024.11.6-cp312-cp312-manylinux_2_17_ppc64le.manylinux2014_ppc64le.whl", hash = "sha256:bb26437975da7dc36b7efad18aa9dd4ea569d2357ae6b783bf1118dabd9ea577", size = 833077, upload-time = "2024-11-06T20:10:15.37Z" },
    { url = "https://files.pythonhosted.org/packages/a1/56/7295e6bad94b047f4d0834e4779491b81216583c00c288252ef625c01d23/regex-2024.11.6-cp312-cp312-manylinux_2_17_s390x.manylinux2014_s390x.whl", hash = "sha256:abfa5080c374a76a251ba60683242bc17eeb2c9818d0d30117b4486be10c59d3", size = 823160, upload-time = "2024-11-06T20:10:19.027Z" },
    { url = "https://files.pythonhosted.org/packages/fb/13/e3b075031a738c9598c51cfbc4c7879e26729c53aa9cca59211c44235314/regex-2024.11.6-cp312-cp312-manylinux_2_17_x86_64.manylinux2014_x86_64.whl", hash = "sha256:70b7fa6606c2881c1db9479b0eaa11ed5dfa11c8d60a474ff0e095099f39d98e", size = 796896, upload-time = "2024-11-06T20:10:21.85Z" },
    { url = "https://files.pythonhosted.org/packages/24/56/0b3f1b66d592be6efec23a795b37732682520b47c53da5a32c33ed7d84e3/regex-2024.11.6-cp312-cp312-manylinux_2_5_i686.manylinux1_i686.manylinux_2_17_i686.manylinux2014_i686.whl", hash = "sha256:0c32f75920cf99fe6b6c539c399a4a128452eaf1af27f39bce8909c9a3fd8cbe", size = 783997, upload-time = "2024-11-06T20:10:24.329Z" },
    { url = "https://files.pythonhosted.org/packages/f9/a1/eb378dada8b91c0e4c5f08ffb56f25fcae47bf52ad18f9b2f33b83e6d498/regex-2024.11.6-cp312-cp312-musllinux_1_2_aarch64.whl", hash = "sha256:982e6d21414e78e1f51cf595d7f321dcd14de1f2881c5dc6a6e23bbbbd68435e", size = 781725, upload-time = "2024-11-06T20:10:28.067Z" },
    { url = "https://files.pythonhosted.org/packages/83/f2/033e7dec0cfd6dda93390089864732a3409246ffe8b042e9554afa9bff4e/regex-2024.11.6-cp312-cp312-musllinux_1_2_i686.whl", hash = "sha256:a7c2155f790e2fb448faed6dd241386719802296ec588a8b9051c1f5c481bc29", size = 789481, upload-time = "2024-11-06T20:10:31.612Z" },
    { url = "https://files.pythonhosted.org/packages/83/23/15d4552ea28990a74e7696780c438aadd73a20318c47e527b47a4a5a596d/regex-2024.11.6-cp312-cp312-musllinux_1_2_ppc64le.whl", hash = "sha256:149f5008d286636e48cd0b1dd65018548944e495b0265b45e1bffecce1ef7f39", size = 852896, upload-time = "2024-11-06T20:10:34.054Z" },
    { url = "https://files.pythonhosted.org/packages/e3/39/ed4416bc90deedbfdada2568b2cb0bc1fdb98efe11f5378d9892b2a88f8f/regex-2024.11.6-cp312-cp312-musllinux_1_2_s390x.whl", hash = "sha256:e5364a4502efca094731680e80009632ad6624084aff9a23ce8c8c6820de3e51", size = 860138, upload-time = "2024-11-06T20:10:36.142Z" },
    { url = "https://files.pythonhosted.org/packages/93/2d/dd56bb76bd8e95bbce684326302f287455b56242a4f9c61f1bc76e28360e/regex-2024.11.6-cp312-cp312-musllinux_1_2_x86_64.whl", hash = "sha256:0a86e7eeca091c09e021db8eb72d54751e527fa47b8d5787caf96d9831bd02ad", size = 787692, upload-time = "2024-11-06T20:10:38.394Z" },
    { url = "https://files.pythonhosted.org/packages/0b/55/31877a249ab7a5156758246b9c59539abbeba22461b7d8adc9e8475ff73e/regex-2024.11.6-cp312-cp312-win32.whl", hash = "sha256:32f9a4c643baad4efa81d549c2aadefaeba12249b2adc5af541759237eee1c54", size = 262135, upload-time = "2024-11-06T20:10:40.367Z" },
    { url = "https://files.pythonhosted.org/packages/38/ec/ad2d7de49a600cdb8dd78434a1aeffe28b9d6fc42eb36afab4a27ad23384/regex-2024.11.6-cp312-cp312-win_amd64.whl", hash = "sha256:a93c194e2df18f7d264092dc8539b8ffb86b45b899ab976aa15d48214138e81b", size = 273567, upload-time = "2024-11-06T20:10:43.467Z" },
    { url = "https://files.pythonhosted.org/packages/90/73/bcb0e36614601016552fa9344544a3a2ae1809dc1401b100eab02e772e1f/regex-2024.11.6-cp313-cp313-macosx_10_13_universal2.whl", hash = "sha256:a6ba92c0bcdf96cbf43a12c717eae4bc98325ca3730f6b130ffa2e3c3c723d84", size = 483525, upload-time = "2024-11-06T20:10:45.19Z" },
    { url = "https://files.pythonhosted.org/packages/0f/3f/f1a082a46b31e25291d830b369b6b0c5576a6f7fb89d3053a354c24b8a83/regex-2024.11.6-cp313-cp313-macosx_10_13_x86_64.whl", hash = "sha256:525eab0b789891ac3be914d36893bdf972d483fe66551f79d3e27146191a37d4", size = 288324, upload-time = "2024-11-06T20:10:47.177Z" },
    { url = "https://files.pythonhosted.org/packages/09/c9/4e68181a4a652fb3ef5099e077faf4fd2a694ea6e0f806a7737aff9e758a/regex-2024.11.6-cp313-cp313-macosx_11_0_arm64.whl", hash = "sha256:086a27a0b4ca227941700e0b31425e7a28ef1ae8e5e05a33826e17e47fbfdba0", size = 284617, upload-time = "2024-11-06T20:10:49.312Z" },
    { url = "https://files.pythonhosted.org/packages/fc/fd/37868b75eaf63843165f1d2122ca6cb94bfc0271e4428cf58c0616786dce/regex-2024.11.6-cp313-cp313-manylinux_2_17_aarch64.manylinux2014_aarch64.whl", hash = "sha256:bde01f35767c4a7899b7eb6e823b125a64de314a8ee9791367c9a34d56af18d0", size = 795023, upload-time = "2024-11-06T20:10:51.102Z" },
    { url = "https://files.pythonhosted.org/packages/c4/7c/d4cd9c528502a3dedb5c13c146e7a7a539a3853dc20209c8e75d9ba9d1b2/regex-2024.11.6-cp313-cp313-manylinux_2_17_ppc64le.manylinux2014_ppc64le.whl", hash = "sha256:b583904576650166b3d920d2bcce13971f6f9e9a396c673187f49811b2769dc7", size = 833072, upload-time = "2024-11-06T20:10:52.926Z" },
    { url = "https://files.pythonhosted.org/packages/4f/db/46f563a08f969159c5a0f0e722260568425363bea43bb7ae370becb66a67/regex-2024.11.6-cp313-cp313-manylinux_2_17_s390x.manylinux2014_s390x.whl", hash = "sha256:1c4de13f06a0d54fa0d5ab1b7138bfa0d883220965a29616e3ea61b35d5f5fc7", size = 823130, upload-time = "2024-11-06T20:10:54.828Z" },
    { url = "https://files.pythonhosted.org/packages/db/60/1eeca2074f5b87df394fccaa432ae3fc06c9c9bfa97c5051aed70e6e00c2/regex-2024.11.6-cp313-cp313-manylinux_2_17_x86_64.manylinux2014_x86_64.whl", hash = "sha256:3cde6e9f2580eb1665965ce9bf17ff4952f34f5b126beb509fee8f4e994f143c", size = 796857, upload-time = "2024-11-06T20:10:56.634Z" },
    { url = "https://files.pythonhosted.org/packages/10/db/ac718a08fcee981554d2f7bb8402f1faa7e868c1345c16ab1ebec54b0d7b/regex-2024.11.6-cp313-cp313-manylinux_2_5_i686.manylinux1_i686.manylinux_2_17_i686.manylinux2014_i686.whl", hash = "sha256:0d7f453dca13f40a02b79636a339c5b62b670141e63efd511d3f8f73fba162b3", size = 784006, upload-time = "2024-11-06T20:10:59.369Z" },
    { url = "https://files.pythonhosted.org/packages/c2/41/7da3fe70216cea93144bf12da2b87367590bcf07db97604edeea55dac9ad/regex-2024.11.6-cp313-cp313-musllinux_1_2_aarch64.whl", hash = "sha256:59dfe1ed21aea057a65c6b586afd2a945de04fc7db3de0a6e3ed5397ad491b07", size = 781650, upload-time = "2024-11-06T20:11:02.042Z" },
    { url = "https://files.pythonhosted.org/packages/a7/d5/880921ee4eec393a4752e6ab9f0fe28009435417c3102fc413f3fe81c4e5/regex-2024.11.6-cp313-cp313-musllinux_1_2_i686.whl", hash = "sha256:b97c1e0bd37c5cd7902e65f410779d39eeda155800b65fc4d04cc432efa9bc6e", size = 789545, upload-time = "2024-11-06T20:11:03.933Z" },
    { url = "https://files.pythonhosted.org/packages/dc/96/53770115e507081122beca8899ab7f5ae28ae790bfcc82b5e38976df6a77/regex-2024.11.6-cp313-cp313-musllinux_1_2_ppc64le.whl", hash = "sha256:f9d1e379028e0fc2ae3654bac3cbbef81bf3fd571272a42d56c24007979bafb6", size = 853045, upload-time = "2024-11-06T20:11:06.497Z" },
    { url = "https://files.pythonhosted.org/packages/31/d3/1372add5251cc2d44b451bd94f43b2ec78e15a6e82bff6a290ef9fd8f00a/regex-2024.11.6-cp313-cp313-musllinux_1_2_s390x.whl", hash = "sha256:13291b39131e2d002a7940fb176e120bec5145f3aeb7621be6534e46251912c4", size = 860182, upload-time = "2024-11-06T20:11:09.06Z" },
    { url = "https://files.pythonhosted.org/packages/ed/e3/c446a64984ea9f69982ba1a69d4658d5014bc7a0ea468a07e1a1265db6e2/regex-2024.11.6-cp313-cp313-musllinux_1_2_x86_64.whl", hash = "sha256:4f51f88c126370dcec4908576c5a627220da6c09d0bff31cfa89f2523843316d", size = 787733, upload-time = "2024-11-06T20:11:11.256Z" },
    { url = "https://files.pythonhosted.org/packages/2b/f1/e40c8373e3480e4f29f2692bd21b3e05f296d3afebc7e5dcf21b9756ca1c/regex-2024.11.6-cp313-cp313-win32.whl", hash = "sha256:63b13cfd72e9601125027202cad74995ab26921d8cd935c25f09c630436348ff", size = 262122, upload-time = "2024-11-06T20:11:13.161Z" },
    { url = "https://files.pythonhosted.org/packages/45/94/bc295babb3062a731f52621cdc992d123111282e291abaf23faa413443ea/regex-2024.11.6-cp313-cp313-win_amd64.whl", hash = "sha256:2b3361af3198667e99927da8b84c1b010752fa4b1115ee30beaa332cabc3ef1a", size = 273545, upload-time = "2024-11-06T20:11:15Z" },
]
